
Microsoft Visual Studio Solution File, Format Version 12.00
Project("{FAE04EC0-301F-11D3-BF4B-00C04F79EFBC}") = "OdinMSA.OpenApi", "OdinMSA.OpenApi\OdinMSA.OpenApi.csproj", "{0BB3F4DF-AAF9-4006-B5C7-0DACE98E0A61}"
EndProject
Project("{FAE04EC0-301F-11D3-BF4B-00C04F79EFBC}") = "OdinMSA.OdinLog", "OdinMSA.OdinLog\OdinMSA.OdinLog.csproj", "{D67FDA2D-1322-452E-A64E-051E950F7802}"
EndProject
Project("{2150E333-8FDC-42A3-9474-1A3956D46DE8}") = "OdinMSA.OdinPush", "OdinMSA.OdinPush", "{ABCADCF4-FFD5-4BDA-BEBF-95DC03794BEB}"
EndProject
Project("{FAE04EC0-301F-11D3-BF4B-00C04F79EFBC}") = "OdinPush.SignalrPush", "OdinPush.SignalrPush\OdinPush.SignalrPush.csproj", "{970AE4BA-3B6F-40C2-808F-845166C53FF9}"
EndProject
Project("{FAE04EC0-301F-11D3-BF4B-00C04F79EFBC}") = "OdinMSA.OdinEF", "OdinMSA.OdinEF\OdinMSA.OdinEF.csproj", "{B3565750-1BA0-48B0-B896-2E4BF5DEF22D}"
EndProject
Project("{2150E333-8FDC-42A3-9474-1A3956D46DE8}") = "OdinModels", "OdinModels", "{52A7A386-B3C0-4136-895C-64B0DFF64E77}"
EndProject
Project("{FAE04EC0-301F-11D3-BF4B-00C04F79EFBC}") = "OdinModels.OdinSignalR", "..\..\OdinCore\OdinModels.OdinSignalR\OdinModels.OdinSignalR.csproj", "{B129F31C-C661-48EA-95C9-60B246321D33}"
EndProject
Project("{FAE04EC0-301F-11D3-BF4B-00C04F79EFBC}") = "OdinModels", "..\..\OdinCore\OdinModels\OdinModels.csproj", "{A7A1002C-49A7-465A-9830-E763CB173881}"
EndProject
Project("{FAE04EC0-301F-11D3-BF4B-00C04F79EFBC}") = "OdinModels.Core", "..\..\OdinCore\OdinModels.Core\OdinModels.Core.csproj", "{5420CF17-A51D-4E29-8938-F77E4AA74A6D}"
EndProject
Project("{FAE04EC0-301F-11D3-BF4B-00C04F79EFBC}") = "OdinModels.OdinLog", "..\..\OdinCore\OdinModels.OdinLog\OdinModels.OdinLog.csproj", "{DD724B2C-1701-42BE-8203-5CF2E1A7B097}"
EndProject
Project("{FAE04EC0-301F-11D3-BF4B-00C04F79EFBC}") = "OdinModels.OdinPush", "..\..\OdinCore\OdinModels.OdinPush\OdinModels.OdinPush.csproj", "{23A9D94E-622C-46C7-9B5D-D556402BAB5C}"
EndProject
Project("{FAE04EC0-301F-11D3-BF4B-00C04F79EFBC}") = "OdinModels.OdinUtils", "..\..\OdinCore\OdinModels.OdinUtils\OdinModels.OdinUtils.csproj", "{3353B0C3-15EE-4018-BD38-519B50473453}"
EndProject
Project("{FAE04EC0-301F-11D3-BF4B-00C04F79EFBC}") = "OdinModels.SnowFlake", "..\..\OdinCore\OdinModels.SnowFlake\OdinModels.SnowFlake.csproj", "{BB669A42-AD74-4A03-A78F-AA8F581E94E9}"
EndProject
Project("{FAE04EC0-301F-11D3-BF4B-00C04F79EFBC}") = "OdinMSA.SnowFlake", "OdinMSA.SnowFlake\OdinMSA.SnowFlake.csproj", "{E82E1C54-5BE5-43EE-BEA7-0E6B1C45671D}"
EndProject
Project("{FAE04EC0-301F-11D3-BF4B-00C04F79EFBC}") = "OdinMSA.TestConsole", "OdinMSA.TestConsole\OdinMSA.TestConsole.csproj", "{0D125FFA-ACEE-4A2C-8566-85009D8B4C65}"
EndProject
Global
	GlobalSection(SolutionConfigurationPlatforms) = preSolution
		Debug|Any CPU = Debug|Any CPU
		Release|Any CPU = Release|Any CPU
	EndGlobalSection
	GlobalSection(NestedProjects) = preSolution
		{970AE4BA-3B6F-40C2-808F-845166C53FF9} = {ABCADCF4-FFD5-4BDA-BEBF-95DC03794BEB}
		{B129F31C-C661-48EA-95C9-60B246321D33} = {52A7A386-B3C0-4136-895C-64B0DFF64E77}
		{A7A1002C-49A7-465A-9830-E763CB173881} = {52A7A386-B3C0-4136-895C-64B0DFF64E77}
		{5420CF17-A51D-4E29-8938-F77E4AA74A6D} = {52A7A386-B3C0-4136-895C-64B0DFF64E77}
		{DD724B2C-1701-42BE-8203-5CF2E1A7B097} = {52A7A386-B3C0-4136-895C-64B0DFF64E77}
		{23A9D94E-622C-46C7-9B5D-D556402BAB5C} = {52A7A386-B3C0-4136-895C-64B0DFF64E77}
		{3353B0C3-15EE-4018-BD38-519B50473453} = {52A7A386-B3C0-4136-895C-64B0DFF64E77}
		{BB669A42-AD74-4A03-A78F-AA8F581E94E9} = {52A7A386-B3C0-4136-895C-64B0DFF64E77}
	EndGlobalSection
	GlobalSection(ProjectConfigurationPlatforms) = postSolution
		{0BB3F4DF-AAF9-4006-B5C7-0DACE98E0A61}.Debug|Any CPU.ActiveCfg = Debug|Any CPU
		{0BB3F4DF-AAF9-4006-B5C7-0DACE98E0A61}.Debug|Any CPU.Build.0 = Debug|Any CPU
		{0BB3F4DF-AAF9-4006-B5C7-0DACE98E0A61}.Release|Any CPU.ActiveCfg = Release|Any CPU
		{0BB3F4DF-AAF9-4006-B5C7-0DACE98E0A61}.Release|Any CPU.Build.0 = Release|Any CPU
		{D67FDA2D-1322-452E-A64E-051E950F7802}.Debug|Any CPU.ActiveCfg = Debug|Any CPU
		{D67FDA2D-1322-452E-A64E-051E950F7802}.Debug|Any CPU.Build.0 = Debug|Any CPU
		{D67FDA2D-1322-452E-A64E-051E950F7802}.Release|Any CPU.ActiveCfg = Release|Any CPU
		{D67FDA2D-1322-452E-A64E-051E950F7802}.Release|Any CPU.Build.0 = Release|Any CPU
		{970AE4BA-3B6F-40C2-808F-845166C53FF9}.Debug|Any CPU.ActiveCfg = Debug|Any CPU
		{970AE4BA-3B6F-40C2-808F-845166C53FF9}.Debug|Any CPU.Build.0 = Debug|Any CPU
		{970AE4BA-3B6F-40C2-808F-845166C53FF9}.Release|Any CPU.ActiveCfg = Release|Any CPU
		{970AE4BA-3B6F-40C2-808F-845166C53FF9}.Release|Any CPU.Build.0 = Release|Any CPU
		{B3565750-1BA0-48B0-B896-2E4BF5DEF22D}.Debug|Any CPU.ActiveCfg = Debug|Any CPU
		{B3565750-1BA0-48B0-B896-2E4BF5DEF22D}.Debug|Any CPU.Build.0 = Debug|Any CPU
		{B3565750-1BA0-48B0-B896-2E4BF5DEF22D}.Release|Any CPU.ActiveCfg = Release|Any CPU
		{B3565750-1BA0-48B0-B896-2E4BF5DEF22D}.Release|Any CPU.Build.0 = Release|Any CPU
		{B129F31C-C661-48EA-95C9-60B246321D33}.Debug|Any CPU.ActiveCfg = Debug|Any CPU
		{B129F31C-C661-48EA-95C9-60B246321D33}.Debug|Any CPU.Build.0 = Debug|Any CPU
		{B129F31C-C661-48EA-95C9-60B246321D33}.Release|Any CPU.ActiveCfg = Release|Any CPU
		{B129F31C-C661-48EA-95C9-60B246321D33}.Release|Any CPU.Build.0 = Release|Any CPU
		{A7A1002C-49A7-465A-9830-E763CB173881}.Debug|Any CPU.ActiveCfg = Debug|Any CPU
		{A7A1002C-49A7-465A-9830-E763CB173881}.Debug|Any CPU.Build.0 = Debug|Any CPU
		{A7A1002C-49A7-465A-9830-E763CB173881}.Release|Any CPU.ActiveCfg = Release|Any CPU
		{A7A1002C-49A7-465A-9830-E763CB173881}.Release|Any CPU.Build.0 = Release|Any CPU
		{5420CF17-A51D-4E29-8938-F77E4AA74A6D}.Debug|Any CPU.ActiveCfg = Debug|Any CPU
		{5420CF17-A51D-4E29-8938-F77E4AA74A6D}.Debug|Any CPU.Build.0 = Debug|Any CPU
		{5420CF17-A51D-4E29-8938-F77E4AA74A6D}.Release|Any CPU.ActiveCfg = Release|Any CPU
		{5420CF17-A51D-4E29-8938-F77E4AA74A6D}.Release|Any CPU.Build.0 = Release|Any CPU
		{DD724B2C-1701-42BE-8203-5CF2E1A7B097}.Debug|Any CPU.ActiveCfg = Debug|Any CPU
		{DD724B2C-1701-42BE-8203-5CF2E1A7B097}.Debug|Any CPU.Build.0 = Debug|Any CPU
		{DD724B2C-1701-42BE-8203-5CF2E1A7B097}.Release|Any CPU.ActiveCfg = Release|Any CPU
		{DD724B2C-1701-42BE-8203-5CF2E1A7B097}.Release|Any CPU.Build.0 = Release|Any CPU
		{23A9D94E-622C-46C7-9B5D-D556402BAB5C}.Debug|Any CPU.ActiveCfg = Debug|Any CPU
		{23A9D94E-622C-46C7-9B5D-D556402BAB5C}.Debug|Any CPU.Build.0 = Debug|Any CPU
		{23A9D94E-622C-46C7-9B5D-D556402BAB5C}.Release|Any CPU.ActiveCfg = Release|Any CPU
		{23A9D94E-622C-46C7-9B5D-D556402BAB5C}.Release|Any CPU.Build.0 = Release|Any CPU
		{3353B0C3-15EE-4018-BD38-519B50473453}.Debug|Any CPU.ActiveCfg = Debug|Any CPU
		{3353B0C3-15EE-4018-BD38-519B50473453}.Debug|Any CPU.Build.0 = Debug|Any CPU
		{3353B0C3-15EE-4018-BD38-519B50473453}.Release|Any CPU.ActiveCfg = Release|Any CPU
		{3353B0C3-15EE-4018-BD38-519B50473453}.Release|Any CPU.Build.0 = Release|Any CPU
		{BB669A42-AD74-4A03-A78F-AA8F581E94E9}.Debug|Any CPU.ActiveCfg = Debug|Any CPU
		{BB669A42-AD74-4A03-A78F-AA8F581E94E9}.Debug|Any CPU.Build.0 = Debug|Any CPU
		{BB669A42-AD74-4A03-A78F-AA8F581E94E9}.Release|Any CPU.ActiveCfg = Release|Any CPU
		{BB669A42-AD74-4A03-A78F-AA8F581E94E9}.Release|Any CPU.Build.0 = Release|Any CPU
		{E82E1C54-5BE5-43EE-BEA7-0E6B1C45671D}.Debug|Any CPU.ActiveCfg = Debug|Any CPU
		{E82E1C54-5BE5-43EE-BEA7-0E6B1C45671D}.Debug|Any CPU.Build.0 = Debug|Any CPU
		{E82E1C54-5BE5-43EE-BEA7-0E6B1C45671D}.Release|Any CPU.ActiveCfg = Release|Any CPU
		{E82E1C54-5BE5-43EE-BEA7-0E6B1C45671D}.Release|Any CPU.Build.0 = Release|Any CPU
		{0D125FFA-ACEE-4A2C-8566-85009D8B4C65}.Debug|Any CPU.ActiveCfg = Debug|Any CPU
		{0D125FFA-ACEE-4A2C-8566-85009D8B4C65}.Debug|Any CPU.Build.0 = Debug|Any CPU
		{0D125FFA-ACEE-4A2C-8566-85009D8B4C65}.Release|Any CPU.ActiveCfg = Release|Any CPU
		{0D125FFA-ACEE-4A2C-8566-85009D8B4C65}.Release|Any CPU.Build.0 = Release|Any CPU
	EndGlobalSection
EndGlobal
