
Microsoft Visual Studio Solution File, Format Version 12.00
# Visual Studio Version 16
VisualStudioVersion = 16.0.32510.428
MinimumVisualStudioVersion = 10.0.40219.1
Project("{9A19103F-16F7-4668-BE54-9A1E7A4F7556}") = "OdinMSA.OpenApi", "OdinMSA.OpenApi\OdinMSA.OpenApi.csproj", "{0BB3F4DF-AAF9-4006-B5C7-0DACE98E0A61}"
EndProject
Project("{9A19103F-16F7-4668-BE54-9A1E7A4F7556}") = "OdinMSA.OdinLog", "OdinMSA.OdinLog\OdinMSA.OdinLog.csproj", "{D67FDA2D-1322-452E-A64E-051E950F7802}"
EndProject
Project("{2150E333-8FDC-42A3-9474-1A3956D46DE8}") = "OdinMSA.OdinPush", "OdinMSA.OdinPush", "{ABCADCF4-FFD5-4BDA-BEBF-95DC03794BEB}"
EndProject
Project("{9A19103F-16F7-4668-BE54-9A1E7A4F7556}") = "OdinPush.SignalrPush", "OdinPush.SignalrPush\OdinPush.SignalrPush.csproj", "{970AE4BA-3B6F-40C2-808F-845166C53FF9}"
EndProject
Project("{9A19103F-16F7-4668-BE54-9A1E7A4F7556}") = "OdinMSA.OdinEF", "OdinMSA.OdinEF\OdinMSA.OdinEF.csproj", "{B3565750-1BA0-48B0-B896-2E4BF5DEF22D}"
EndProject
Project("{2150E333-8FDC-42A3-9474-1A3956D46DE8}") = "OdinModels", "OdinModels", "{52A7A386-B3C0-4136-895C-64B0DFF64E77}"
EndProject
Project("{9A19103F-16F7-4668-BE54-9A1E7A4F7556}") = "OdinMSA.SnowFlake", "OdinMSA.SnowFlake\OdinMSA.SnowFlake.csproj", "{E82E1C54-5BE5-43EE-BEA7-0E6B1C45671D}"
EndProject
Project("{9A19103F-16F7-4668-BE54-9A1E7A4F7556}") = "OdinMSA.TestConsole", "OdinMSA.TestConsole\OdinMSA.TestConsole.csproj", "{0D125FFA-ACEE-4A2C-8566-85009D8B4C65}"
EndProject
Project("{9A19103F-16F7-4668-BE54-9A1E7A4F7556}") = "OdinModels.SnowFlake", "..\..\OdinCore\OdinModels\OdinModels.SnowFlake\OdinModels.SnowFlake.csproj", "{313186C4-44BD-4693-A405-E3AE22E3A0A3}"
EndProject
Project("{9A19103F-16F7-4668-BE54-9A1E7A4F7556}") = "OdinModels.OdinUtils", "..\..\OdinCore\OdinModels\OdinModels.OdinUtils\OdinModels.OdinUtils.csproj", "{839BFBB0-A607-4C43-85FD-DA077E235EDB}"
EndProject
Project("{9A19103F-16F7-4668-BE54-9A1E7A4F7556}") = "OdinModels.OdinSignalR", "..\..\OdinCore\OdinModels\OdinModels.OdinSignalR\OdinModels.OdinSignalR.csproj", "{329C409D-27BE-4331-8B5F-9B32445EAA7F}"
EndProject
Project("{9A19103F-16F7-4668-BE54-9A1E7A4F7556}") = "OdinModels.OdinPush", "..\..\OdinCore\OdinModels\OdinModels.OdinPush\OdinModels.OdinPush.csproj", "{8278E085-3400-4ED0-8A7A-5882E5B10A79}"
EndProject
Project("{9A19103F-16F7-4668-BE54-9A1E7A4F7556}") = "OdinModels.OdinLog", "..\..\OdinCore\OdinModels\OdinModels.OdinLog\OdinModels.OdinLog.csproj", "{4273E1A4-7C47-4638-A0EC-DBF23FC54C09}"
EndProject
Project("{9A19103F-16F7-4668-BE54-9A1E7A4F7556}") = "OdinModels.Core", "..\..\OdinCore\OdinModels\OdinModels.Core\OdinModels.Core.csproj", "{A558A90A-4B78-4223-92B5-86F2F56C2CBC}"
EndProject
Project("{9A19103F-16F7-4668-BE54-9A1E7A4F7556}") = "OdinModels", "..\..\OdinCore\OdinModels\OdinModels\OdinModels.csproj", "{35815DE4-1E06-4A60-BFC1-F201318B3E53}"
EndProject
Global
	GlobalSection(SolutionConfigurationPlatforms) = preSolution
		Debug|Any CPU = Debug|Any CPU
		Release|Any CPU = Release|Any CPU
	EndGlobalSection
	GlobalSection(ProjectConfigurationPlatforms) = postSolution
		{0BB3F4DF-AAF9-4006-B5C7-0DACE98E0A61}.Debug|Any CPU.ActiveCfg = Debug|Any CPU
		{0BB3F4DF-AAF9-4006-B5C7-0DACE98E0A61}.Debug|Any CPU.Build.0 = Debug|Any CPU
		{0BB3F4DF-AAF9-4006-B5C7-0DACE98E0A61}.Release|Any CPU.ActiveCfg = Release|Any CPU
		{0BB3F4DF-AAF9-4006-B5C7-0DACE98E0A61}.Release|Any CPU.Build.0 = Release|Any CPU
		{D67FDA2D-1322-452E-A64E-051E950F7802}.Debug|Any CPU.ActiveCfg = Debug|Any CPU
		{D67FDA2D-1322-452E-A64E-051E950F7802}.Debug|Any CPU.Build.0 = Debug|Any CPU
		{D67FDA2D-1322-452E-A64E-051E950F7802}.Release|Any CPU.ActiveCfg = Release|Any CPU
		{D67FDA2D-1322-452E-A64E-051E950F7802}.Release|Any CPU.Build.0 = Release|Any CPU
		{970AE4BA-3B6F-40C2-808F-845166C53FF9}.Debug|Any CPU.ActiveCfg = Debug|Any CPU
		{970AE4BA-3B6F-40C2-808F-845166C53FF9}.Debug|Any CPU.Build.0 = Debug|Any CPU
		{970AE4BA-3B6F-40C2-808F-845166C53FF9}.Release|Any CPU.ActiveCfg = Release|Any CPU
		{970AE4BA-3B6F-40C2-808F-845166C53FF9}.Release|Any CPU.Build.0 = Release|Any CPU
		{B3565750-1BA0-48B0-B896-2E4BF5DEF22D}.Debug|Any CPU.ActiveCfg = Debug|Any CPU
		{B3565750-1BA0-48B0-B896-2E4BF5DEF22D}.Debug|Any CPU.Build.0 = Debug|Any CPU
		{B3565750-1BA0-48B0-B896-2E4BF5DEF22D}.Release|Any CPU.ActiveCfg = Release|Any CPU
		{B3565750-1BA0-48B0-B896-2E4BF5DEF22D}.Release|Any CPU.Build.0 = Release|Any CPU
		{E82E1C54-5BE5-43EE-BEA7-0E6B1C45671D}.Debug|Any CPU.ActiveCfg = Debug|Any CPU
		{E82E1C54-5BE5-43EE-BEA7-0E6B1C45671D}.Debug|Any CPU.Build.0 = Debug|Any CPU
		{E82E1C54-5BE5-43EE-BEA7-0E6B1C45671D}.Release|Any CPU.ActiveCfg = Release|Any CPU
		{E82E1C54-5BE5-43EE-BEA7-0E6B1C45671D}.Release|Any CPU.Build.0 = Release|Any CPU
		{0D125FFA-ACEE-4A2C-8566-85009D8B4C65}.Debug|Any CPU.ActiveCfg = Debug|Any CPU
		{0D125FFA-ACEE-4A2C-8566-85009D8B4C65}.Debug|Any CPU.Build.0 = Debug|Any CPU
		{0D125FFA-ACEE-4A2C-8566-85009D8B4C65}.Release|Any CPU.ActiveCfg = Release|Any CPU
		{0D125FFA-ACEE-4A2C-8566-85009D8B4C65}.Release|Any CPU.Build.0 = Release|Any CPU
		{313186C4-44BD-4693-A405-E3AE22E3A0A3}.Debug|Any CPU.ActiveCfg = Debug|Any CPU
		{313186C4-44BD-4693-A405-E3AE22E3A0A3}.Debug|Any CPU.Build.0 = Debug|Any CPU
		{313186C4-44BD-4693-A405-E3AE22E3A0A3}.Release|Any CPU.ActiveCfg = Release|Any CPU
		{313186C4-44BD-4693-A405-E3AE22E3A0A3}.Release|Any CPU.Build.0 = Release|Any CPU
		{839BFBB0-A607-4C43-85FD-DA077E235EDB}.Debug|Any CPU.ActiveCfg = Debug|Any CPU
		{839BFBB0-A607-4C43-85FD-DA077E235EDB}.Debug|Any CPU.Build.0 = Debug|Any CPU
		{839BFBB0-A607-4C43-85FD-DA077E235EDB}.Release|Any CPU.ActiveCfg = Release|Any CPU
		{839BFBB0-A607-4C43-85FD-DA077E235EDB}.Release|Any CPU.Build.0 = Release|Any CPU
		{329C409D-27BE-4331-8B5F-9B32445EAA7F}.Debug|Any CPU.ActiveCfg = Debug|Any CPU
		{329C409D-27BE-4331-8B5F-9B32445EAA7F}.Debug|Any CPU.Build.0 = Debug|Any CPU
		{329C409D-27BE-4331-8B5F-9B32445EAA7F}.Release|Any CPU.ActiveCfg = Release|Any CPU
		{329C409D-27BE-4331-8B5F-9B32445EAA7F}.Release|Any CPU.Build.0 = Release|Any CPU
		{8278E085-3400-4ED0-8A7A-5882E5B10A79}.Debug|Any CPU.ActiveCfg = Debug|Any CPU
		{8278E085-3400-4ED0-8A7A-5882E5B10A79}.Debug|Any CPU.Build.0 = Debug|Any CPU
		{8278E085-3400-4ED0-8A7A-5882E5B10A79}.Release|Any CPU.ActiveCfg = Release|Any CPU
		{8278E085-3400-4ED0-8A7A-5882E5B10A79}.Release|Any CPU.Build.0 = Release|Any CPU
		{4273E1A4-7C47-4638-A0EC-DBF23FC54C09}.Debug|Any CPU.ActiveCfg = Debug|Any CPU
		{4273E1A4-7C47-4638-A0EC-DBF23FC54C09}.Debug|Any CPU.Build.0 = Debug|Any CPU
		{4273E1A4-7C47-4638-A0EC-DBF23FC54C09}.Release|Any CPU.ActiveCfg = Release|Any CPU
		{4273E1A4-7C47-4638-A0EC-DBF23FC54C09}.Release|Any CPU.Build.0 = Release|Any CPU
		{A558A90A-4B78-4223-92B5-86F2F56C2CBC}.Debug|Any CPU.ActiveCfg = Debug|Any CPU
		{A558A90A-4B78-4223-92B5-86F2F56C2CBC}.Debug|Any CPU.Build.0 = Debug|Any CPU
		{A558A90A-4B78-4223-92B5-86F2F56C2CBC}.Release|Any CPU.ActiveCfg = Release|Any CPU
		{A558A90A-4B78-4223-92B5-86F2F56C2CBC}.Release|Any CPU.Build.0 = Release|Any CPU
		{35815DE4-1E06-4A60-BFC1-F201318B3E53}.Debug|Any CPU.ActiveCfg = Debug|Any CPU
		{35815DE4-1E06-4A60-BFC1-F201318B3E53}.Debug|Any CPU.Build.0 = Debug|Any CPU
		{35815DE4-1E06-4A60-BFC1-F201318B3E53}.Release|Any CPU.ActiveCfg = Release|Any CPU
		{35815DE4-1E06-4A60-BFC1-F201318B3E53}.Release|Any CPU.Build.0 = Release|Any CPU
	EndGlobalSection
	GlobalSection(SolutionProperties) = preSolution
		HideSolutionNode = FALSE
	EndGlobalSection
	GlobalSection(NestedProjects) = preSolution
		{970AE4BA-3B6F-40C2-808F-845166C53FF9} = {ABCADCF4-FFD5-4BDA-BEBF-95DC03794BEB}
		{313186C4-44BD-4693-A405-E3AE22E3A0A3} = {52A7A386-B3C0-4136-895C-64B0DFF64E77}
		{839BFBB0-A607-4C43-85FD-DA077E235EDB} = {52A7A386-B3C0-4136-895C-64B0DFF64E77}
		{329C409D-27BE-4331-8B5F-9B32445EAA7F} = {52A7A386-B3C0-4136-895C-64B0DFF64E77}
		{8278E085-3400-4ED0-8A7A-5882E5B10A79} = {52A7A386-B3C0-4136-895C-64B0DFF64E77}
		{4273E1A4-7C47-4638-A0EC-DBF23FC54C09} = {52A7A386-B3C0-4136-895C-64B0DFF64E77}
		{A558A90A-4B78-4223-92B5-86F2F56C2CBC} = {52A7A386-B3C0-4136-895C-64B0DFF64E77}
		{35815DE4-1E06-4A60-BFC1-F201318B3E53} = {52A7A386-B3C0-4136-895C-64B0DFF64E77}
	EndGlobalSection
	GlobalSection(ExtensibilityGlobals) = postSolution
		SolutionGuid = {23C8366D-57FA-4992-9B5E-C0360D8FFDAE}
	EndGlobalSection
EndGlobal
